
Microsoft Visual Studio Solution File, Format Version 12.00
# Visual Studio Version 16
VisualStudioVersion = 16.0.30002.166
MinimumVisualStudioVersion = 10.0.40219.1
Project("{FAE04EC0-301F-11D3-BF4B-00C04F79EFBC}") = "RazorPagesMovie", "RazorPagesMovie\RazorPagesMovie.csproj", "{7AB044A1-9B1B-4FD0-B947-E80B4FA179FF}"
EndProject
Global
	GlobalSection(SolutionConfigurationPlatforms) = preSolution
		Debug|Any CPU = Debug|Any CPU
		Release|Any CPU = Release|Any CPU
	EndGlobalSection
	GlobalSection(ProjectConfigurationPlatforms) = postSolution
		{7AB044A1-9B1B-4FD0-B947-E80B4FA179FF}.Debug|Any CPU.ActiveCfg = Debug|Any CPU
		{7AB044A1-9B1B-4FD0-B947-E80B4FA179FF}.Debug|Any CPU.Build.0 = Debug|Any CPU
		{7AB044A1-9B1B-4FD0-B947-E80B4FA179FF}.Release|Any CPU.ActiveCfg = Release|Any CPU
		{7AB044A1-9B1B-4FD0-B947-E80B4FA179FF}.Release|Any CPU.Build.0 = Release|Any CPU
	EndGlobalSection
	GlobalSection(SolutionProperties) = preSolution
		HideSolutionNode = FALSE
	EndGlobalSection
	GlobalSection(ExtensibilityGlobals) = postSolution
		SolutionGuid = {98C1706A-17E0-4332-A901-E7673AD038A3}
	EndGlobalSection
EndGlobal
